
Microsoft Visual Studio Solution File, Format Version 12.00
# Visual Studio Version 17
VisualStudioVersion = 17.0.31903.59
MinimumVisualStudioVersion = 10.0.40219.1
Project("{FAE04EC0-301F-11D3-BF4B-00C04F79EFBC}") = "SnakeGame", "SnakeGame\SnakeGame.csproj", "{A81B6FD0-5BDE-4151-8A0E-30943187342D}"
EndProject
Project("{FAE04EC0-301F-11D3-BF4B-00C04F79EFBC}") = "SnakeGame.Tests", "SnakeGame.Tests\SnakeGame.Tests.csproj", "{F2052726-B7DE-4798-B2D7-A71F50005FFD}"
EndProject
Global
	GlobalSection(SolutionConfigurationPlatforms) = preSolution
		Debug|Any CPU = Debug|Any CPU
		Release|Any CPU = Release|Any CPU
	EndGlobalSection
	GlobalSection(SolutionProperties) = preSolution
		HideSolutionNode = FALSE
	EndGlobalSection
	GlobalSection(ProjectConfigurationPlatforms) = postSolution
		{A81B6FD0-5BDE-4151-8A0E-30943187342D}.Debug|Any CPU.ActiveCfg = Debug|Any CPU
		{A81B6FD0-5BDE-4151-8A0E-30943187342D}.Debug|Any CPU.Build.0 = Debug|Any CPU
		{A81B6FD0-5BDE-4151-8A0E-30943187342D}.Release|Any CPU.ActiveCfg = Release|Any CPU
		{A81B6FD0-5BDE-4151-8A0E-30943187342D}.Release|Any CPU.Build.0 = Release|Any CPU
		{F2052726-B7DE-4798-B2D7-A71F50005FFD}.Debug|Any CPU.ActiveCfg = Debug|Any CPU
		{F2052726-B7DE-4798-B2D7-A71F50005FFD}.Debug|Any CPU.Build.0 = Debug|Any CPU
		{F2052726-B7DE-4798-B2D7-A71F50005FFD}.Release|Any CPU.ActiveCfg = Release|Any CPU
		{F2052726-B7DE-4798-B2D7-A71F50005FFD}.Release|Any CPU.Build.0 = Release|Any CPU
	EndGlobalSection
EndGlobal
